
Microsoft Visual Studio Solution File, Format Version 12.00
# Visual Studio Version 16
VisualStudioVersion = 16.0.31702.278
MinimumVisualStudioVersion = 10.0.40219.1
Project("{FAE04EC0-301F-11D3-BF4B-00C04F79EFBC}") = "RegNdLogin", "RegNdLogin\RegNdLogin.csproj", "{71A6F289-5F0C-426C-8232-9D424D717291}"
EndProject
Global
	GlobalSection(SolutionConfigurationPlatforms) = preSolution
		Debug|Any CPU = Debug|Any CPU
		Release|Any CPU = Release|Any CPU
	EndGlobalSection
	GlobalSection(ProjectConfigurationPlatforms) = postSolution
		{71A6F289-5F0C-426C-8232-9D424D717291}.Debug|Any CPU.ActiveCfg = Debug|Any CPU
		{71A6F289-5F0C-426C-8232-9D424D717291}.Debug|Any CPU.Build.0 = Debug|Any CPU
		{71A6F289-5F0C-426C-8232-9D424D717291}.Release|Any CPU.ActiveCfg = Release|Any CPU
		{71A6F289-5F0C-426C-8232-9D424D717291}.Release|Any CPU.Build.0 = Release|Any CPU
	EndGlobalSection
	GlobalSection(SolutionProperties) = preSolution
		HideSolutionNode = FALSE
	EndGlobalSection
	GlobalSection(ExtensibilityGlobals) = postSolution
		SolutionGuid = {925258E8-EA85-48F0-B0E2-1FF40E99F509}
	EndGlobalSection
EndGlobal
